
Microsoft Visual Studio Solution File, Format Version 12.00
# Visual Studio Version 16
VisualStudioVersion = 16.0.31112.23
MinimumVisualStudioVersion = 10.0.40219.1
Project("{FAE04EC0-301F-11D3-BF4B-00C04F79EFBC}") = "WindowsFormsApp2", "WindowsFormsApp2.csproj", "{B4DC429B-16E5-4522-BB1E-0E44DA6EBF1E}"
EndProject
Global
	GlobalSection(SolutionConfigurationPlatforms) = preSolution
		Debug|Any CPU = Debug|Any CPU
		Release|Any CPU = Release|Any CPU
	EndGlobalSection
	GlobalSection(ProjectConfigurationPlatforms) = postSolution
		{B4DC429B-16E5-4522-BB1E-0E44DA6EBF1E}.Debug|Any CPU.ActiveCfg = Debug|Any CPU
		{B4DC429B-16E5-4522-BB1E-0E44DA6EBF1E}.Debug|Any CPU.Build.0 = Debug|Any CPU
		{B4DC429B-16E5-4522-BB1E-0E44DA6EBF1E}.Release|Any CPU.ActiveCfg = Release|Any CPU
		{B4DC429B-16E5-4522-BB1E-0E44DA6EBF1E}.Release|Any CPU.Build.0 = Release|Any CPU
	EndGlobalSection
	GlobalSection(SolutionProperties) = preSolution
		HideSolutionNode = FALSE
	EndGlobalSection
	GlobalSection(ExtensibilityGlobals) = postSolution
		SolutionGuid = {45D561F9-ACEF-44A8-AE85-3347A80F3477}
	EndGlobalSection
EndGlobal
